
Microsoft Visual Studio Solution File, Format Version 12.00
# Visual Studio Version 17
VisualStudioVersion = 17.4.33122.133
MinimumVisualStudioVersion = 10.0.40219.1
Project("{FAE04EC0-301F-11D3-BF4B-00C04F79EFBC}") = "Lab1", "Lab1\Lab1.csproj", "{534B5C9B-3EB3-4786-B53C-CA90DAFEC785}"
EndProject
Global
	GlobalSection(SolutionConfigurationPlatforms) = preSolution
		Debug|Any CPU = Debug|Any CPU
		Release|Any CPU = Release|Any CPU
	EndGlobalSection
	GlobalSection(ProjectConfigurationPlatforms) = postSolution
		{534B5C9B-3EB3-4786-B53C-CA90DAFEC785}.Debug|Any CPU.ActiveCfg = Debug|Any CPU
		{534B5C9B-3EB3-4786-B53C-CA90DAFEC785}.Debug|Any CPU.Build.0 = Debug|Any CPU
		{534B5C9B-3EB3-4786-B53C-CA90DAFEC785}.Release|Any CPU.ActiveCfg = Release|Any CPU
		{534B5C9B-3EB3-4786-B53C-CA90DAFEC785}.Release|Any CPU.Build.0 = Release|Any CPU
	EndGlobalSection
	GlobalSection(SolutionProperties) = preSolution
		HideSolutionNode = FALSE
	EndGlobalSection
	GlobalSection(ExtensibilityGlobals) = postSolution
		SolutionGuid = {9FCE8EF3-EF05-4D92-A941-2B5F0B4D938F}
	EndGlobalSection
EndGlobal
